{
  "object": {
    "pins": [
      {
        "package": "Fortils",
        "repositoryURL": "https://github.com/abdhilabs/Fortils",
        "state": {
          "branch": null,
          "revision": "00c154100a413b10319b49bc6e32a336c9c2f5c6",
          "version": "1.0.0"
        }
      }
    ]
  },
  "version": 1
}
