{
  "object": {
    "pins": [
      {
        "package": "Fortils",
        "repositoryURL": "https://github.com/abdhilabs/Fortils",
        "state": {
          "branch": null,
          "revision": "a6b68219ebaa8ed620257d22880e66a75699f400",
          "version": "1.0.2"
        }
      }
    ]
  },
  "version": 1
}
