// !$*UTF8*$!
{
	archiveVersion = 1;
	classes = {
	};
	objectVersion = 50;
	objects = {

/* Begin PBXBuildFile section */
		2314546126A08D4700230958 /* Injection.swift in Sources */ = {isa = PBXBuildFile; fileRef = 2314546026A08D4700230958 /* Injection.swift */; };
		23187FC8269EBDBE0031590A /* Core.h in Headers */ = {isa = PBXBuildFile; fileRef = 23187FC6269EBDBE0031590A /* Core.h */; settings = {ATTRIBUTES = (Public, ); }; };
		2396FD1B26A0295900C6C266 /* MovieRepository.swift in Sources */ = {isa = PBXBuildFile; fileRef = 2396FD1A26A0295900C6C266 /* MovieRepository.swift */; };
		2396FD2026A0297E00C6C266 /* RemoteDataSource.swift in Sources */ = {isa = PBXBuildFile; fileRef = 2396FD1F26A0297E00C6C266 /* RemoteDataSource.swift */; };
		2396FD2326A0298700C6C266 /* CastResponse.swift in Sources */ = {isa = PBXBuildFile; fileRef = 2396FD2126A0298700C6C266 /* CastResponse.swift */; };
		2396FD2426A0298700C6C266 /* MovieResponse.swift in Sources */ = {isa = PBXBuildFile; fileRef = 2396FD2226A0298700C6C266 /* MovieResponse.swift */; };
		2396FD2626A029C500C6C266 /* LocaleDataSourceProtocol.swift in Sources */ = {isa = PBXBuildFile; fileRef = 2396FD2526A029C500C6C266 /* LocaleDataSourceProtocol.swift */; };
		2396FD2926A029D300C6C266 /* MovieEntity.swift in Sources */ = {isa = PBXBuildFile; fileRef = 2396FD2826A029D300C6C266 /* MovieEntity.swift */; };
		2396FD2D26A02A0600C6C266 /* CastMapper.swift in Sources */ = {isa = PBXBuildFile; fileRef = 2396FD2B26A02A0600C6C266 /* CastMapper.swift */; };
		2396FD2E26A02A0600C6C266 /* MovieMapper.swift in Sources */ = {isa = PBXBuildFile; fileRef = 2396FD2C26A02A0600C6C266 /* MovieMapper.swift */; };
		2396FD3126A02A1900C6C266 /* ApiService.swift in Sources */ = {isa = PBXBuildFile; fileRef = 2396FD3026A02A1900C6C266 /* ApiService.swift */; };
		239F779A26A027FE00A0EC19 /* FavoriteInteractor.swift in Sources */ = {isa = PBXBuildFile; fileRef = 239F779626A027FE00A0EC19 /* FavoriteInteractor.swift */; };
		239F779B26A027FE00A0EC19 /* SearchInteractor.swift in Sources */ = {isa = PBXBuildFile; fileRef = 239F779726A027FE00A0EC19 /* SearchInteractor.swift */; };
		239F779C26A027FE00A0EC19 /* HomeInteractor.swift in Sources */ = {isa = PBXBuildFile; fileRef = 239F779826A027FE00A0EC19 /* HomeInteractor.swift */; };
		239F779D26A027FE00A0EC19 /* DetailInteractor.swift in Sources */ = {isa = PBXBuildFile; fileRef = 239F779926A027FE00A0EC19 /* DetailInteractor.swift */; };
		239F77A026A0281500A0EC19 /* CastModel.swift in Sources */ = {isa = PBXBuildFile; fileRef = 239F779E26A0281500A0EC19 /* CastModel.swift */; };
		239F77A126A0281500A0EC19 /* MovieModel.swift in Sources */ = {isa = PBXBuildFile; fileRef = 239F779F26A0281500A0EC19 /* MovieModel.swift */; };
		47787FB116D4099997779447 /* Pods_Core.framework in Frameworks */ = {isa = PBXBuildFile; fileRef = EDA0665834E1555274F042B1 /* Pods_Core.framework */; };
/* End PBXBuildFile section */

/* Begin PBXCopyFilesBuildPhase section */
		23EB13B926A08248008517C5 /* Embed Frameworks */ = {
			isa = PBXCopyFilesBuildPhase;
			buildActionMask = 2147483647;
			dstPath = "";
			dstSubfolderSpec = 10;
			files = (
			);
			name = "Embed Frameworks";
			runOnlyForDeploymentPostprocessing = 0;
		};
/* End PBXCopyFilesBuildPhase section */

/* Begin PBXFileReference section */
		2314546026A08D4700230958 /* Injection.swift */ = {isa = PBXFileReference; fileEncoding = 4; lastKnownFileType = sourcecode.swift; path = Injection.swift; sourceTree = "<group>"; };
		23187FC3269EBDBE0031590A /* Core.framework */ = {isa = PBXFileReference; explicitFileType = wrapper.framework; includeInIndex = 0; path = Core.framework; sourceTree = BUILT_PRODUCTS_DIR; };
		23187FC6269EBDBE0031590A /* Core.h */ = {isa = PBXFileReference; lastKnownFileType = sourcecode.c.h; path = Core.h; sourceTree = "<group>"; };
		23187FC7269EBDBE0031590A /* Info.plist */ = {isa = PBXFileReference; lastKnownFileType = text.plist.xml; path = Info.plist; sourceTree = "<group>"; };
		2396FD1A26A0295900C6C266 /* MovieRepository.swift */ = {isa = PBXFileReference; fileEncoding = 4; lastKnownFileType = sourcecode.swift; path = MovieRepository.swift; sourceTree = "<group>"; };
		2396FD1F26A0297E00C6C266 /* RemoteDataSource.swift */ = {isa = PBXFileReference; fileEncoding = 4; lastKnownFileType = sourcecode.swift; path = RemoteDataSource.swift; sourceTree = "<group>"; };
		2396FD2126A0298700C6C266 /* CastResponse.swift */ = {isa = PBXFileReference; fileEncoding = 4; lastKnownFileType = sourcecode.swift; path = CastResponse.swift; sourceTree = "<group>"; };
		2396FD2226A0298700C6C266 /* MovieResponse.swift */ = {isa = PBXFileReference; fileEncoding = 4; lastKnownFileType = sourcecode.swift; path = MovieResponse.swift; sourceTree = "<group>"; };
		2396FD2526A029C500C6C266 /* LocaleDataSourceProtocol.swift */ = {isa = PBXFileReference; fileEncoding = 4; lastKnownFileType = sourcecode.swift; path = LocaleDataSourceProtocol.swift; sourceTree = "<group>"; };
		2396FD2826A029D300C6C266 /* MovieEntity.swift */ = {isa = PBXFileReference; fileEncoding = 4; lastKnownFileType = sourcecode.swift; path = MovieEntity.swift; sourceTree = "<group>"; };
		2396FD2B26A02A0600C6C266 /* CastMapper.swift */ = {isa = PBXFileReference; fileEncoding = 4; lastKnownFileType = sourcecode.swift; path = CastMapper.swift; sourceTree = "<group>"; };
		2396FD2C26A02A0600C6C266 /* MovieMapper.swift */ = {isa = PBXFileReference; fileEncoding = 4; lastKnownFileType = sourcecode.swift; path = MovieMapper.swift; sourceTree = "<group>"; };
		2396FD3026A02A1900C6C266 /* ApiService.swift */ = {isa = PBXFileReference; fileEncoding = 4; lastKnownFileType = sourcecode.swift; path = ApiService.swift; sourceTree = "<group>"; };
		239F779626A027FE00A0EC19 /* FavoriteInteractor.swift */ = {isa = PBXFileReference; fileEncoding = 4; lastKnownFileType = sourcecode.swift; path = FavoriteInteractor.swift; sourceTree = "<group>"; };
		239F779726A027FE00A0EC19 /* SearchInteractor.swift */ = {isa = PBXFileReference; fileEncoding = 4; lastKnownFileType = sourcecode.swift; path = SearchInteractor.swift; sourceTree = "<group>"; };
		239F779826A027FE00A0EC19 /* HomeInteractor.swift */ = {isa = PBXFileReference; fileEncoding = 4; lastKnownFileType = sourcecode.swift; path = HomeInteractor.swift; sourceTree = "<group>"; };
		239F779926A027FE00A0EC19 /* DetailInteractor.swift */ = {isa = PBXFileReference; fileEncoding = 4; lastKnownFileType = sourcecode.swift; path = DetailInteractor.swift; sourceTree = "<group>"; };
		239F779E26A0281500A0EC19 /* CastModel.swift */ = {isa = PBXFileReference; fileEncoding = 4; lastKnownFileType = sourcecode.swift; path = CastModel.swift; sourceTree = "<group>"; };
		239F779F26A0281500A0EC19 /* MovieModel.swift */ = {isa = PBXFileReference; fileEncoding = 4; lastKnownFileType = sourcecode.swift; path = MovieModel.swift; sourceTree = "<group>"; };
		57FC40F9ABF4C0F54D8D2F99 /* Pods-Core.debug.xcconfig */ = {isa = PBXFileReference; includeInIndex = 1; lastKnownFileType = text.xcconfig; name = "Pods-Core.debug.xcconfig"; path = "Target Support Files/Pods-Core/Pods-Core.debug.xcconfig"; sourceTree = "<group>"; };
		85A76B39646E9CA82A63FABC /* Pods-Core.release.xcconfig */ = {isa = PBXFileReference; includeInIndex = 1; lastKnownFileType = text.xcconfig; name = "Pods-Core.release.xcconfig"; path = "Target Support Files/Pods-Core/Pods-Core.release.xcconfig"; sourceTree = "<group>"; };
		EDA0665834E1555274F042B1 /* Pods_Core.framework */ = {isa = PBXFileReference; explicitFileType = wrapper.framework; includeInIndex = 0; path = Pods_Core.framework; sourceTree = BUILT_PRODUCTS_DIR; };
/* End PBXFileReference section */

/* Begin PBXFrameworksBuildPhase section */
		23187FC0269EBDBD0031590A /* Frameworks */ = {
			isa = PBXFrameworksBuildPhase;
			buildActionMask = 2147483647;
			files = (
				47787FB116D4099997779447 /* Pods_Core.framework in Frameworks */,
			);
			runOnlyForDeploymentPostprocessing = 0;
		};
/* End PBXFrameworksBuildPhase section */

/* Begin PBXGroup section */
		2314545F26A08D3D00230958 /* DI */ = {
			isa = PBXGroup;
			children = (
				2314546026A08D4700230958 /* Injection.swift */,
			);
			path = DI;
			sourceTree = "<group>";
		};
		23187FB9269EBDBD0031590A = {
			isa = PBXGroup;
			children = (
				23187FC5269EBDBE0031590A /* Core */,
				23187FC4269EBDBE0031590A /* Products */,
				27798DFFBD49EC05AEC8D2C3 /* Pods */,
				397B88AB1DF1CF22CD1BB649 /* Frameworks */,
			);
			sourceTree = "<group>";
		};
		23187FC4269EBDBE0031590A /* Products */ = {
			isa = PBXGroup;
			children = (
				23187FC3269EBDBE0031590A /* Core.framework */,
			);
			name = Products;
			sourceTree = "<group>";
		};
		23187FC5269EBDBE0031590A /* Core */ = {
			isa = PBXGroup;
			children = (
				2314545F26A08D3D00230958 /* DI */,
				2396FD2F26A02A1200C6C266 /* Network */,
				2396FD2A26A029FB00C6C266 /* Mapper */,
				2396FD1926A0291C00C6C266 /* Data */,
				239F779326A027E100A0EC19 /* Domain */,
				2385A2D726A0277100218343 /* Supporting Files */,
			);
			path = Core;
			sourceTree = "<group>";
		};
		2385A2D726A0277100218343 /* Supporting Files */ = {
			isa = PBXGroup;
			children = (
				23187FC6269EBDBE0031590A /* Core.h */,
				23187FC7269EBDBE0031590A /* Info.plist */,
			);
			path = "Supporting Files";
			sourceTree = "<group>";
		};
		2396FD1926A0291C00C6C266 /* Data */ = {
			isa = PBXGroup;
			children = (
				2396FD1D26A0296600C6C266 /* Remote */,
				2396FD1C26A0296100C6C266 /* Locale */,
				2396FD1A26A0295900C6C266 /* MovieRepository.swift */,
			);
			path = Data;
			sourceTree = "<group>";
		};
		2396FD1C26A0296100C6C266 /* Locale */ = {
			isa = PBXGroup;
			children = (
				2396FD2726A029CB00C6C266 /* Entity */,
				2396FD2526A029C500C6C266 /* LocaleDataSourceProtocol.swift */,
			);
			path = Locale;
			sourceTree = "<group>";
		};
		2396FD1D26A0296600C6C266 /* Remote */ = {
			isa = PBXGroup;
			children = (
				2396FD1F26A0297E00C6C266 /* RemoteDataSource.swift */,
				2396FD1E26A0297500C6C266 /* Response */,
			);
			path = Remote;
			sourceTree = "<group>";
		};
		2396FD1E26A0297500C6C266 /* Response */ = {
			isa = PBXGroup;
			children = (
				2396FD2226A0298700C6C266 /* MovieResponse.swift */,
				2396FD2126A0298700C6C266 /* CastResponse.swift */,
			);
			path = Response;
			sourceTree = "<group>";
		};
		2396FD2726A029CB00C6C266 /* Entity */ = {
			isa = PBXGroup;
			children = (
				2396FD2826A029D300C6C266 /* MovieEntity.swift */,
			);
			path = Entity;
			sourceTree = "<group>";
		};
		2396FD2A26A029FB00C6C266 /* Mapper */ = {
			isa = PBXGroup;
			children = (
				2396FD2C26A02A0600C6C266 /* MovieMapper.swift */,
				2396FD2B26A02A0600C6C266 /* CastMapper.swift */,
			);
			path = Mapper;
			sourceTree = "<group>";
		};
		2396FD2F26A02A1200C6C266 /* Network */ = {
			isa = PBXGroup;
			children = (
				2396FD3026A02A1900C6C266 /* ApiService.swift */,
			);
			path = Network;
			sourceTree = "<group>";
		};
		239F779326A027E100A0EC19 /* Domain */ = {
			isa = PBXGroup;
			children = (
				239F779526A027EE00A0EC19 /* UseCase */,
				239F779426A027E800A0EC19 /* Model */,
			);
			path = Domain;
			sourceTree = "<group>";
		};
		239F779426A027E800A0EC19 /* Model */ = {
			isa = PBXGroup;
			children = (
				239F779E26A0281500A0EC19 /* CastModel.swift */,
				239F779F26A0281500A0EC19 /* MovieModel.swift */,
			);
			path = Model;
			sourceTree = "<group>";
		};
		239F779526A027EE00A0EC19 /* UseCase */ = {
			isa = PBXGroup;
			children = (
				239F779926A027FE00A0EC19 /* DetailInteractor.swift */,
				239F779626A027FE00A0EC19 /* FavoriteInteractor.swift */,
				239F779826A027FE00A0EC19 /* HomeInteractor.swift */,
				239F779726A027FE00A0EC19 /* SearchInteractor.swift */,
			);
			path = UseCase;
			sourceTree = "<group>";
		};
		27798DFFBD49EC05AEC8D2C3 /* Pods */ = {
			isa = PBXGroup;
			children = (
				57FC40F9ABF4C0F54D8D2F99 /* Pods-Core.debug.xcconfig */,
				85A76B39646E9CA82A63FABC /* Pods-Core.release.xcconfig */,
			);
			name = Pods;
			path = ../Pods;
			sourceTree = "<group>";
		};
		397B88AB1DF1CF22CD1BB649 /* Frameworks */ = {
			isa = PBXGroup;
			children = (
				EDA0665834E1555274F042B1 /* Pods_Core.framework */,
			);
			name = Frameworks;
			sourceTree = "<group>";
		};
/* End PBXGroup section */

/* Begin PBXHeadersBuildPhase section */
		23187FBE269EBDBD0031590A /* Headers */ = {
			isa = PBXHeadersBuildPhase;
			buildActionMask = 2147483647;
			files = (
				23187FC8269EBDBE0031590A /* Core.h in Headers */,
			);
			runOnlyForDeploymentPostprocessing = 0;
		};
/* End PBXHeadersBuildPhase section */

/* Begin PBXNativeTarget section */
		23187FC2269EBDBD0031590A /* Core */ = {
			isa = PBXNativeTarget;
			buildConfigurationList = 23187FCB269EBDBE0031590A /* Build configuration list for PBXNativeTarget "Core" */;
			buildPhases = (
				09E443FE05A0174F15324A88 /* [CP] Check Pods Manifest.lock */,
				23187FBE269EBDBD0031590A /* Headers */,
				23187FBF269EBDBD0031590A /* Sources */,
				23187FC0269EBDBD0031590A /* Frameworks */,
				23187FC1269EBDBD0031590A /* Resources */,
				23EB13B926A08248008517C5 /* Embed Frameworks */,
			);
			buildRules = (
			);
			dependencies = (
			);
			name = Core;
			packageProductDependencies = (
			);
			productName = Core;
			productReference = 23187FC3269EBDBE0031590A /* Core.framework */;
			productType = "com.apple.product-type.framework";
		};
/* End PBXNativeTarget section */

/* Begin PBXProject section */
		23187FBA269EBDBD0031590A /* Project object */ = {
			isa = PBXProject;
			attributes = {
				LastUpgradeCheck = 1250;
				TargetAttributes = {
					23187FC2269EBDBD0031590A = {
						CreatedOnToolsVersion = 12.5.1;
						LastSwiftMigration = 1250;
					};
				};
			};
			buildConfigurationList = 23187FBD269EBDBD0031590A /* Build configuration list for PBXProject "Core" */;
			compatibilityVersion = "Xcode 9.3";
			developmentRegion = en;
			hasScannedForEncodings = 0;
			knownRegions = (
				en,
				Base,
			);
			mainGroup = 23187FB9269EBDBD0031590A;
			packageReferences = (
			);
			productRefGroup = 23187FC4269EBDBE0031590A /* Products */;
			projectDirPath = "";
			projectRoot = "";
			targets = (
				23187FC2269EBDBD0031590A /* Core */,
			);
		};
/* End PBXProject section */

/* Begin PBXResourcesBuildPhase section */
		23187FC1269EBDBD0031590A /* Resources */ = {
			isa = PBXResourcesBuildPhase;
			buildActionMask = 2147483647;
			files = (
			);
			runOnlyForDeploymentPostprocessing = 0;
		};
/* End PBXResourcesBuildPhase section */

/* Begin PBXShellScriptBuildPhase section */
		09E443FE05A0174F15324A88 /* [CP] Check Pods Manifest.lock */ = {
			isa = PBXShellScriptBuildPhase;
			buildActionMask = 2147483647;
			files = (
			);
			inputFileListPaths = (
			);
			inputPaths = (
				"${PODS_PODFILE_DIR_PATH}/Podfile.lock",
				"${PODS_ROOT}/Manifest.lock",
			);
			name = "[CP] Check Pods Manifest.lock";
			outputFileListPaths = (
			);
			outputPaths = (
				"$(DERIVED_FILE_DIR)/Pods-Core-checkManifestLockResult.txt",
			);
			runOnlyForDeploymentPostprocessing = 0;
			shellPath = /bin/sh;
			shellScript = "diff \"${PODS_PODFILE_DIR_PATH}/Podfile.lock\" \"${PODS_ROOT}/Manifest.lock\" > /dev/null\nif [ $? != 0 ] ; then\n    # print error to STDERR\n    echo \"error: The sandbox is not in sync with the Podfile.lock. Run 'pod install' or update your CocoaPods installation.\" >&2\n    exit 1\nfi\n# This output is used by Xcode 'outputs' to avoid re-running this script phase.\necho \"SUCCESS\" > \"${SCRIPT_OUTPUT_FILE_0}\"\n";
			showEnvVarsInLog = 0;
		};
/* End PBXShellScriptBuildPhase section */

/* Begin PBXSourcesBuildPhase section */
		23187FBF269EBDBD0031590A /* Sources */ = {
			isa = PBXSourcesBuildPhase;
			buildActionMask = 2147483647;
			files = (
				2396FD2026A0297E00C6C266 /* RemoteDataSource.swift in Sources */,
				2396FD2426A0298700C6C266 /* MovieResponse.swift in Sources */,
				239F77A126A0281500A0EC19 /* MovieModel.swift in Sources */,
				239F779C26A027FE00A0EC19 /* HomeInteractor.swift in Sources */,
				2396FD2626A029C500C6C266 /* LocaleDataSourceProtocol.swift in Sources */,
				239F77A026A0281500A0EC19 /* CastModel.swift in Sources */,
				239F779B26A027FE00A0EC19 /* SearchInteractor.swift in Sources */,
				2396FD1B26A0295900C6C266 /* MovieRepository.swift in Sources */,
				2396FD2D26A02A0600C6C266 /* CastMapper.swift in Sources */,
				2396FD2326A0298700C6C266 /* CastResponse.swift in Sources */,
				2396FD2926A029D300C6C266 /* MovieEntity.swift in Sources */,
				2396FD3126A02A1900C6C266 /* ApiService.swift in Sources */,
				2396FD2E26A02A0600C6C266 /* MovieMapper.swift in Sources */,
				2314546126A08D4700230958 /* Injection.swift in Sources */,
				239F779A26A027FE00A0EC19 /* FavoriteInteractor.swift in Sources */,
				239F779D26A027FE00A0EC19 /* DetailInteractor.swift in Sources */,
			);
			runOnlyForDeploymentPostprocessing = 0;
		};
/* End PBXSourcesBuildPhase section */

/* Begin XCBuildConfiguration section */
		23187FC9269EBDBE0031590A /* Debug */ = {
			isa = XCBuildConfiguration;
			buildSettings = {
				ALWAYS_SEARCH_USER_PATHS = NO;
				CLANG_ANALYZER_NONNULL = YES;
				CLANG_ANALYZER_NUMBER_OBJECT_CONVERSION = YES_AGGRESSIVE;
				CLANG_CXX_LANGUAGE_STANDARD = "gnu++14";
				CLANG_CXX_LIBRARY = "libc++";
				CLANG_ENABLE_MODULES = YES;
				CLANG_ENABLE_OBJC_ARC = YES;
				CLANG_ENABLE_OBJC_WEAK = YES;
				CLANG_WARN_BLOCK_CAPTURE_AUTORELEASING = YES;
				CLANG_WARN_BOOL_CONVERSION = YES;
				CLANG_WARN_COMMA = YES;
				CLANG_WARN_CONSTANT_CONVERSION = YES;
				CLANG_WARN_DEPRECATED_OBJC_IMPLEMENTATIONS = YES;
				CLANG_WARN_DIRECT_OBJC_ISA_USAGE = YES_ERROR;
				CLANG_WARN_DOCUMENTATION_COMMENTS = YES;
				CLANG_WARN_EMPTY_BODY = YES;
				CLANG_WARN_ENUM_CONVERSION = YES;
				CLANG_WARN_INFINITE_RECURSION = YES;
				CLANG_WARN_INT_CONVERSION = YES;
				CLANG_WARN_NON_LITERAL_NULL_CONVERSION = YES;
				CLANG_WARN_OBJC_IMPLICIT_RETAIN_SELF = YES;
				CLANG_WARN_OBJC_LITERAL_CONVERSION = YES;
				CLANG_WARN_OBJC_ROOT_CLASS = YES_ERROR;
				CLANG_WARN_QUOTED_INCLUDE_IN_FRAMEWORK_HEADER = YES;
				CLANG_WARN_RANGE_LOOP_ANALYSIS = YES;
				CLANG_WARN_STRICT_PROTOTYPES = YES;
				CLANG_WARN_SUSPICIOUS_MOVE = YES;
				CLANG_WARN_UNGUARDED_AVAILABILITY = YES_AGGRESSIVE;
				CLANG_WARN_UNREACHABLE_CODE = YES;
				CLANG_WARN__DUPLICATE_METHOD_MATCH = YES;
				COPY_PHASE_STRIP = NO;
				CURRENT_PROJECT_VERSION = 1;
				DEBUG_INFORMATION_FORMAT = dwarf;
				ENABLE_STRICT_OBJC_MSGSEND = YES;
				ENABLE_TESTABILITY = YES;
				GCC_C_LANGUAGE_STANDARD = gnu11;
				GCC_DYNAMIC_NO_PIC = NO;
				GCC_NO_COMMON_BLOCKS = YES;
				GCC_OPTIMIZATION_LEVEL = 0;
				GCC_PREPROCESSOR_DEFINITIONS = (
					"DEBUG=1",
					"$(inherited)",
				);
				GCC_WARN_64_TO_32_BIT_CONVERSION = YES;
				GCC_WARN_ABOUT_RETURN_TYPE = YES_ERROR;
				GCC_WARN_UNDECLARED_SELECTOR = YES;
				GCC_WARN_UNINITIALIZED_AUTOS = YES_AGGRESSIVE;
				GCC_WARN_UNUSED_FUNCTION = YES;
				GCC_WARN_UNUSED_VARIABLE = YES;
				IPHONEOS_DEPLOYMENT_TARGET = 14.5;
				MTL_ENABLE_DEBUG_INFO = INCLUDE_SOURCE;
				MTL_FAST_MATH = YES;
				ONLY_ACTIVE_ARCH = YES;
				SDKROOT = iphoneos;
				SWIFT_ACTIVE_COMPILATION_CONDITIONS = DEBUG;
				SWIFT_OPTIMIZATION_LEVEL = "-Onone";
				VERSIONING_SYSTEM = "apple-generic";
				VERSION_INFO_PREFIX = "";
			};
			name = Debug;
		};
		23187FCA269EBDBE0031590A /* Release */ = {
			isa = XCBuildConfiguration;
			buildSettings = {
				ALWAYS_SEARCH_USER_PATHS = NO;
				CLANG_ANALYZER_NONNULL = YES;
				CLANG_ANALYZER_NUMBER_OBJECT_CONVERSION = YES_AGGRESSIVE;
				CLANG_CXX_LANGUAGE_STANDARD = "gnu++14";
				CLANG_CXX_LIBRARY = "libc++";
				CLANG_ENABLE_MODULES = YES;
				CLANG_ENABLE_OBJC_ARC = YES;
				CLANG_ENABLE_OBJC_WEAK = YES;
				CLANG_WARN_BLOCK_CAPTURE_AUTORELEASING = YES;
				CLANG_WARN_BOOL_CONVERSION = YES;
				CLANG_WARN_COMMA = YES;
				CLANG_WARN_CONSTANT_CONVERSION = YES;
				CLANG_WARN_DEPRECATED_OBJC_IMPLEMENTATIONS = YES;
				CLANG_WARN_DIRECT_OBJC_ISA_USAGE = YES_ERROR;
				CLANG_WARN_DOCUMENTATION_COMMENTS = YES;
				CLANG_WARN_EMPTY_BODY = YES;
				CLANG_WARN_ENUM_CONVERSION = YES;
				CLANG_WARN_INFINITE_RECURSION = YES;
				CLANG_WARN_INT_CONVERSION = YES;
				CLANG_WARN_NON_LITERAL_NULL_CONVERSION = YES;
				CLANG_WARN_OBJC_IMPLICIT_RETAIN_SELF = YES;
				CLANG_WARN_OBJC_LITERAL_CONVERSION = YES;
				CLANG_WARN_OBJC_ROOT_CLASS = YES_ERROR;
				CLANG_WARN_QUOTED_INCLUDE_IN_FRAMEWORK_HEADER = YES;
				CLANG_WARN_RANGE_LOOP_ANALYSIS = YES;
				CLANG_WARN_STRICT_PROTOTYPES = YES;
				CLANG_WARN_SUSPICIOUS_MOVE = YES;
				CLANG_WARN_UNGUARDED_AVAILABILITY = YES_AGGRESSIVE;
				CLANG_WARN_UNREACHABLE_CODE = YES;
				CLANG_WARN__DUPLICATE_METHOD_MATCH = YES;
				COPY_PHASE_STRIP = NO;
				CURRENT_PROJECT_VERSION = 1;
				DEBUG_INFORMATION_FORMAT = "dwarf-with-dsym";
				ENABLE_NS_ASSERTIONS = NO;
				ENABLE_STRICT_OBJC_MSGSEND = YES;
				GCC_C_LANGUAGE_STANDARD = gnu11;
				GCC_NO_COMMON_BLOCKS = YES;
				GCC_WARN_64_TO_32_BIT_CONVERSION = YES;
				GCC_WARN_ABOUT_RETURN_TYPE = YES_ERROR;
				GCC_WARN_UNDECLARED_SELECTOR = YES;
				GCC_WARN_UNINITIALIZED_AUTOS = YES_AGGRESSIVE;
				GCC_WARN_UNUSED_FUNCTION = YES;
				GCC_WARN_UNUSED_VARIABLE = YES;
				IPHONEOS_DEPLOYMENT_TARGET = 14.5;
				MTL_ENABLE_DEBUG_INFO = NO;
				MTL_FAST_MATH = YES;
				SDKROOT = iphoneos;
				SWIFT_COMPILATION_MODE = wholemodule;
				SWIFT_OPTIMIZATION_LEVEL = "-O";
				VALIDATE_PRODUCT = YES;
				VERSIONING_SYSTEM = "apple-generic";
				VERSION_INFO_PREFIX = "";
			};
			name = Release;
		};
		23187FCC269EBDBE0031590A /* Debug */ = {
			isa = XCBuildConfiguration;
			baseConfigurationReference = 57FC40F9ABF4C0F54D8D2F99 /* Pods-Core.debug.xcconfig */;
			buildSettings = {
				CLANG_ENABLE_MODULES = YES;
				CODE_SIGN_STYLE = Automatic;
				DEFINES_MODULE = YES;
				DYLIB_COMPATIBILITY_VERSION = 1;
				DYLIB_CURRENT_VERSION = 1;
				DYLIB_INSTALL_NAME_BASE = "@rpath";
				INFOPLIST_FILE = "Core/Supporting Files/Info.plist";
				INSTALL_PATH = "$(LOCAL_LIBRARY_DIR)/Frameworks";
				LD_RUNPATH_SEARCH_PATHS = (
					"$(inherited)",
					"@executable_path/Frameworks",
					"@loader_path/Frameworks",
				);
				PRODUCT_BUNDLE_IDENTIFIER = com.abdhilabs.Core;
				PRODUCT_NAME = "$(TARGET_NAME:c99extidentifier)";
				SKIP_INSTALL = YES;
				SWIFT_OPTIMIZATION_LEVEL = "-Onone";
				SWIFT_VERSION = 5.0;
				TARGETED_DEVICE_FAMILY = "1,2";
			};
			name = Debug;
		};
		23187FCD269EBDBE0031590A /* Release */ = {
			isa = XCBuildConfiguration;
			baseConfigurationReference = 85A76B39646E9CA82A63FABC /* Pods-Core.release.xcconfig */;
			buildSettings = {
				CLANG_ENABLE_MODULES = YES;
				CODE_SIGN_STYLE = Automatic;
				DEFINES_MODULE = YES;
				DYLIB_COMPATIBILITY_VERSION = 1;
				DYLIB_CURRENT_VERSION = 1;
				DYLIB_INSTALL_NAME_BASE = "@rpath";
				INFOPLIST_FILE = "Core/Supporting Files/Info.plist";
				INSTALL_PATH = "$(LOCAL_LIBRARY_DIR)/Frameworks";
				LD_RUNPATH_SEARCH_PATHS = (
					"$(inherited)",
					"@executable_path/Frameworks",
					"@loader_path/Frameworks",
				);
				PRODUCT_BUNDLE_IDENTIFIER = com.abdhilabs.Core;
				PRODUCT_NAME = "$(TARGET_NAME:c99extidentifier)";
				SKIP_INSTALL = YES;
				SWIFT_VERSION = 5.0;
				TARGETED_DEVICE_FAMILY = "1,2";
			};
			name = Release;
		};
/* End XCBuildConfiguration section */

/* Begin XCConfigurationList section */
		23187FBD269EBDBD0031590A /* Build configuration list for PBXProject "Core" */ = {
			isa = XCConfigurationList;
			buildConfigurations = (
				23187FC9269EBDBE0031590A /* Debug */,
				23187FCA269EBDBE0031590A /* Release */,
			);
			defaultConfigurationIsVisible = 0;
			defaultConfigurationName = Release;
		};
		23187FCB269EBDBE0031590A /* Build configuration list for PBXNativeTarget "Core" */ = {
			isa = XCConfigurationList;
			buildConfigurations = (
				23187FCC269EBDBE0031590A /* Debug */,
				23187FCD269EBDBE0031590A /* Release */,
			);
			defaultConfigurationIsVisible = 0;
			defaultConfigurationName = Release;
		};
/* End XCConfigurationList section */
	};
	rootObject = 23187FBA269EBDBD0031590A /* Project object */;
}
