// !$*UTF8*$!
{
	archiveVersion = 1;
	classes = {
	};
	objectVersion = 51;
	objects = {

/* Begin PBXBuildFile section */
		2316705C26A1800B003F2F62 /* MainViewController.xib in Resources */ = {isa = PBXBuildFile; fileRef = 2316705B26A1800B003F2F62 /* MainViewController.xib */; };
		234FB21B26A021B60080553F /* Favorite.framework in Frameworks */ = {isa = PBXBuildFile; fileRef = 234FB21A26A021B60080553F /* Favorite.framework */; };
		234FB21C26A021B60080553F /* Favorite.framework in Embed Frameworks */ = {isa = PBXBuildFile; fileRef = 234FB21A26A021B60080553F /* Favorite.framework */; settings = {ATTRIBUTES = (CodeSignOnCopy, RemoveHeadersOnCopy, ); }; };
		234FB21E26A021BB0080553F /* Home.framework in Frameworks */ = {isa = PBXBuildFile; fileRef = 234FB21D26A021BB0080553F /* Home.framework */; };
		234FB21F26A021BB0080553F /* Home.framework in Embed Frameworks */ = {isa = PBXBuildFile; fileRef = 234FB21D26A021BB0080553F /* Home.framework */; settings = {ATTRIBUTES = (CodeSignOnCopy, RemoveHeadersOnCopy, ); }; };
		234FB22126A021C40080553F /* Profile.framework in Frameworks */ = {isa = PBXBuildFile; fileRef = 234FB22026A021C40080553F /* Profile.framework */; };
		234FB22226A021C40080553F /* Profile.framework in Embed Frameworks */ = {isa = PBXBuildFile; fileRef = 234FB22026A021C40080553F /* Profile.framework */; settings = {ATTRIBUTES = (CodeSignOnCopy, RemoveHeadersOnCopy, ); }; };
		234FB22426A021C90080553F /* Search.framework in Frameworks */ = {isa = PBXBuildFile; fileRef = 234FB22326A021C90080553F /* Search.framework */; };
		234FB22526A021C90080553F /* Search.framework in Embed Frameworks */ = {isa = PBXBuildFile; fileRef = 234FB22326A021C90080553F /* Search.framework */; settings = {ATTRIBUTES = (CodeSignOnCopy, RemoveHeadersOnCopy, ); }; };
		238A393726A4884300844EF3 /* MuviCatTests.swift in Sources */ = {isa = PBXBuildFile; fileRef = 238A393626A4884300844EF3 /* MuviCatTests.swift */; };
		238A394526A489FA00844EF3 /* MuviCatUITests.swift in Sources */ = {isa = PBXBuildFile; fileRef = 238A394426A489FA00844EF3 /* MuviCatUITests.swift */; };
		23CE9A65267C489E009C46A1 /* AppDelegate.swift in Sources */ = {isa = PBXBuildFile; fileRef = 23CE9A64267C489E009C46A1 /* AppDelegate.swift */; };
		23CE9A67267C489E009C46A1 /* SceneDelegate.swift in Sources */ = {isa = PBXBuildFile; fileRef = 23CE9A66267C489E009C46A1 /* SceneDelegate.swift */; };
		23CE9A69267C489E009C46A1 /* MainViewController.swift in Sources */ = {isa = PBXBuildFile; fileRef = 23CE9A68267C489E009C46A1 /* MainViewController.swift */; };
		23CE9A71267C48A1009C46A1 /* Assets.xcassets in Resources */ = {isa = PBXBuildFile; fileRef = 23CE9A70267C48A1009C46A1 /* Assets.xcassets */; };
		23CE9A74267C48A1009C46A1 /* LaunchScreen.storyboard in Resources */ = {isa = PBXBuildFile; fileRef = 23CE9A72267C48A1009C46A1 /* LaunchScreen.storyboard */; };
		23EF7995269EC39F008557B5 /* Core.framework in Frameworks */ = {isa = PBXBuildFile; fileRef = 23EF7994269EC39F008557B5 /* Core.framework */; };
		23EF7996269EC39F008557B5 /* Core.framework in Embed Frameworks */ = {isa = PBXBuildFile; fileRef = 23EF7994269EC39F008557B5 /* Core.framework */; settings = {ATTRIBUTES = (CodeSignOnCopy, RemoveHeadersOnCopy, ); }; };
/* End PBXBuildFile section */

/* Begin PBXContainerItemProxy section */
		238A393926A4884300844EF3 /* PBXContainerItemProxy */ = {
			isa = PBXContainerItemProxy;
			containerPortal = 23CE9A59267C489E009C46A1 /* Project object */;
			proxyType = 1;
			remoteGlobalIDString = 23CE9A60267C489E009C46A1;
			remoteInfo = MuviCat;
		};
		238A394726A489FA00844EF3 /* PBXContainerItemProxy */ = {
			isa = PBXContainerItemProxy;
			containerPortal = 23CE9A59267C489E009C46A1 /* Project object */;
			proxyType = 1;
			remoteGlobalIDString = 23CE9A60267C489E009C46A1;
			remoteInfo = MuviCat;
		};
/* End PBXContainerItemProxy section */

/* Begin PBXCopyFilesBuildPhase section */
		23EF7997269EC39F008557B5 /* Embed Frameworks */ = {
			isa = PBXCopyFilesBuildPhase;
			buildActionMask = 2147483647;
			dstPath = "";
			dstSubfolderSpec = 10;
			files = (
				234FB21C26A021B60080553F /* Favorite.framework in Embed Frameworks */,
				23EF7996269EC39F008557B5 /* Core.framework in Embed Frameworks */,
				234FB22226A021C40080553F /* Profile.framework in Embed Frameworks */,
				234FB22526A021C90080553F /* Search.framework in Embed Frameworks */,
				234FB21F26A021BB0080553F /* Home.framework in Embed Frameworks */,
			);
			name = "Embed Frameworks";
			runOnlyForDeploymentPostprocessing = 0;
		};
/* End PBXCopyFilesBuildPhase section */

/* Begin PBXFileReference section */
		2316705B26A1800B003F2F62 /* MainViewController.xib */ = {isa = PBXFileReference; lastKnownFileType = file.xib; path = MainViewController.xib; sourceTree = "<group>"; };
		234FB21726A021AD0080553F /* Detail.framework */ = {isa = PBXFileReference; explicitFileType = wrapper.framework; path = Detail.framework; sourceTree = BUILT_PRODUCTS_DIR; };
		234FB21A26A021B60080553F /* Favorite.framework */ = {isa = PBXFileReference; explicitFileType = wrapper.framework; path = Favorite.framework; sourceTree = BUILT_PRODUCTS_DIR; };
		234FB21D26A021BB0080553F /* Home.framework */ = {isa = PBXFileReference; explicitFileType = wrapper.framework; path = Home.framework; sourceTree = BUILT_PRODUCTS_DIR; };
		234FB22026A021C40080553F /* Profile.framework */ = {isa = PBXFileReference; explicitFileType = wrapper.framework; path = Profile.framework; sourceTree = BUILT_PRODUCTS_DIR; };
		234FB22326A021C90080553F /* Search.framework */ = {isa = PBXFileReference; explicitFileType = wrapper.framework; path = Search.framework; sourceTree = BUILT_PRODUCTS_DIR; };
		238A393426A4884300844EF3 /* MuviCatTests.xctest */ = {isa = PBXFileReference; explicitFileType = wrapper.cfbundle; includeInIndex = 0; path = MuviCatTests.xctest; sourceTree = BUILT_PRODUCTS_DIR; };
		238A393626A4884300844EF3 /* MuviCatTests.swift */ = {isa = PBXFileReference; lastKnownFileType = sourcecode.swift; path = MuviCatTests.swift; sourceTree = "<group>"; };
		238A393826A4884300844EF3 /* Info.plist */ = {isa = PBXFileReference; lastKnownFileType = text.plist.xml; path = Info.plist; sourceTree = "<group>"; };
		238A394226A489FA00844EF3 /* MuviCatUITests.xctest */ = {isa = PBXFileReference; explicitFileType = wrapper.cfbundle; includeInIndex = 0; path = MuviCatUITests.xctest; sourceTree = BUILT_PRODUCTS_DIR; };
		238A394426A489FA00844EF3 /* MuviCatUITests.swift */ = {isa = PBXFileReference; lastKnownFileType = sourcecode.swift; path = MuviCatUITests.swift; sourceTree = "<group>"; };
		238A394626A489FA00844EF3 /* Info.plist */ = {isa = PBXFileReference; lastKnownFileType = text.plist.xml; path = Info.plist; sourceTree = "<group>"; };
		23CE9A61267C489E009C46A1 /* MuviCat.app */ = {isa = PBXFileReference; explicitFileType = wrapper.application; includeInIndex = 0; path = MuviCat.app; sourceTree = BUILT_PRODUCTS_DIR; };
		23CE9A64267C489E009C46A1 /* AppDelegate.swift */ = {isa = PBXFileReference; lastKnownFileType = sourcecode.swift; path = AppDelegate.swift; sourceTree = "<group>"; };
		23CE9A66267C489E009C46A1 /* SceneDelegate.swift */ = {isa = PBXFileReference; lastKnownFileType = sourcecode.swift; path = SceneDelegate.swift; sourceTree = "<group>"; };
		23CE9A68267C489E009C46A1 /* MainViewController.swift */ = {isa = PBXFileReference; lastKnownFileType = sourcecode.swift; path = MainViewController.swift; sourceTree = "<group>"; };
		23CE9A70267C48A1009C46A1 /* Assets.xcassets */ = {isa = PBXFileReference; lastKnownFileType = folder.assetcatalog; path = Assets.xcassets; sourceTree = "<group>"; };
		23CE9A73267C48A1009C46A1 /* Base */ = {isa = PBXFileReference; lastKnownFileType = file.storyboard; name = Base; path = Base.lproj/LaunchScreen.storyboard; sourceTree = "<group>"; };
		23CE9A75267C48A1009C46A1 /* Info.plist */ = {isa = PBXFileReference; lastKnownFileType = text.plist.xml; path = Info.plist; sourceTree = "<group>"; };
		23EF7994269EC39F008557B5 /* Core.framework */ = {isa = PBXFileReference; explicitFileType = wrapper.framework; path = Core.framework; sourceTree = BUILT_PRODUCTS_DIR; };
/* End PBXFileReference section */

/* Begin PBXFrameworksBuildPhase section */
		238A393126A4884300844EF3 /* Frameworks */ = {
			isa = PBXFrameworksBuildPhase;
			buildActionMask = 2147483647;
			files = (
			);
			runOnlyForDeploymentPostprocessing = 0;
		};
		238A393F26A489FA00844EF3 /* Frameworks */ = {
			isa = PBXFrameworksBuildPhase;
			buildActionMask = 2147483647;
			files = (
			);
			runOnlyForDeploymentPostprocessing = 0;
		};
		23CE9A5E267C489E009C46A1 /* Frameworks */ = {
			isa = PBXFrameworksBuildPhase;
			buildActionMask = 2147483647;
			files = (
				234FB22126A021C40080553F /* Profile.framework in Frameworks */,
				234FB22426A021C90080553F /* Search.framework in Frameworks */,
				234FB21B26A021B60080553F /* Favorite.framework in Frameworks */,
				23EF7995269EC39F008557B5 /* Core.framework in Frameworks */,
				234FB21E26A021BB0080553F /* Home.framework in Frameworks */,
			);
			runOnlyForDeploymentPostprocessing = 0;
		};
/* End PBXFrameworksBuildPhase section */

/* Begin PBXGroup section */
		0AB101BA97C55585900FF304 /* Pods */ = {
			isa = PBXGroup;
			children = (
			);
			path = Pods;
			sourceTree = "<group>";
		};
		238A393526A4884300844EF3 /* MuviCatTests */ = {
			isa = PBXGroup;
			children = (
				238A393626A4884300844EF3 /* MuviCatTests.swift */,
				238A393826A4884300844EF3 /* Info.plist */,
			);
			path = MuviCatTests;
			sourceTree = "<group>";
		};
		238A394326A489FA00844EF3 /* MuviCatUITests */ = {
			isa = PBXGroup;
			children = (
				238A394426A489FA00844EF3 /* MuviCatUITests.swift */,
				238A394626A489FA00844EF3 /* Info.plist */,
			);
			path = MuviCatUITests;
			sourceTree = "<group>";
		};
		23CE9A58267C489E009C46A1 = {
			isa = PBXGroup;
			children = (
				23CE9A63267C489E009C46A1 /* MuviCat */,
				238A393526A4884300844EF3 /* MuviCatTests */,
				238A394326A489FA00844EF3 /* MuviCatUITests */,
				23CE9A62267C489E009C46A1 /* Products */,
				0AB101BA97C55585900FF304 /* Pods */,
				9A7201F03D9E617D76D9C7EE /* Frameworks */,
			);
			sourceTree = "<group>";
		};
		23CE9A62267C489E009C46A1 /* Products */ = {
			isa = PBXGroup;
			children = (
				23CE9A61267C489E009C46A1 /* MuviCat.app */,
				238A393426A4884300844EF3 /* MuviCatTests.xctest */,
				238A394226A489FA00844EF3 /* MuviCatUITests.xctest */,
			);
			name = Products;
			sourceTree = "<group>";
		};
		23CE9A63267C489E009C46A1 /* MuviCat */ = {
			isa = PBXGroup;
			children = (
				23CE9A82267C50FA009C46A1 /* App */,
				23CE9A80267C50DD009C46A1 /* Supporting Files */,
			);
			path = MuviCat;
			sourceTree = "<group>";
		};
		23CE9A80267C50DD009C46A1 /* Supporting Files */ = {
			isa = PBXGroup;
			children = (
				23CE9A70267C48A1009C46A1 /* Assets.xcassets */,
				23CE9A72267C48A1009C46A1 /* LaunchScreen.storyboard */,
				23CE9A75267C48A1009C46A1 /* Info.plist */,
			);
			path = "Supporting Files";
			sourceTree = "<group>";
		};
		23CE9A82267C50FA009C46A1 /* App */ = {
			isa = PBXGroup;
			children = (
				23CE9A64267C489E009C46A1 /* AppDelegate.swift */,
				23CE9A66267C489E009C46A1 /* SceneDelegate.swift */,
				23CE9A68267C489E009C46A1 /* MainViewController.swift */,
				2316705B26A1800B003F2F62 /* MainViewController.xib */,
			);
			path = App;
			sourceTree = "<group>";
		};
		9A7201F03D9E617D76D9C7EE /* Frameworks */ = {
			isa = PBXGroup;
			children = (
				234FB22326A021C90080553F /* Search.framework */,
				234FB22026A021C40080553F /* Profile.framework */,
				234FB21D26A021BB0080553F /* Home.framework */,
				234FB21A26A021B60080553F /* Favorite.framework */,
				234FB21726A021AD0080553F /* Detail.framework */,
				23EF7994269EC39F008557B5 /* Core.framework */,
			);
			name = Frameworks;
			sourceTree = "<group>";
		};
/* End PBXGroup section */

/* Begin PBXNativeTarget section */
		238A393326A4884300844EF3 /* MuviCatTests */ = {
			isa = PBXNativeTarget;
			buildConfigurationList = 238A393B26A4884300844EF3 /* Build configuration list for PBXNativeTarget "MuviCatTests" */;
			buildPhases = (
				238A393026A4884300844EF3 /* Sources */,
				238A393126A4884300844EF3 /* Frameworks */,
				238A393226A4884300844EF3 /* Resources */,
			);
			buildRules = (
			);
			dependencies = (
				238A393A26A4884300844EF3 /* PBXTargetDependency */,
			);
			name = MuviCatTests;
			productName = MuviCatTests;
			productReference = 238A393426A4884300844EF3 /* MuviCatTests.xctest */;
			productType = "com.apple.product-type.bundle.unit-test";
		};
		238A394126A489FA00844EF3 /* MuviCatUITests */ = {
			isa = PBXNativeTarget;
			buildConfigurationList = 238A394B26A489FA00844EF3 /* Build configuration list for PBXNativeTarget "MuviCatUITests" */;
			buildPhases = (
				238A393E26A489FA00844EF3 /* Sources */,
				238A393F26A489FA00844EF3 /* Frameworks */,
				238A394026A489FA00844EF3 /* Resources */,
			);
			buildRules = (
			);
			dependencies = (
				238A394826A489FA00844EF3 /* PBXTargetDependency */,
			);
			name = MuviCatUITests;
			productName = MuviCatUITests;
			productReference = 238A394226A489FA00844EF3 /* MuviCatUITests.xctest */;
			productType = "com.apple.product-type.bundle.ui-testing";
		};
		23CE9A60267C489E009C46A1 /* MuviCat */ = {
			isa = PBXNativeTarget;
			buildConfigurationList = 23CE9A78267C48A1009C46A1 /* Build configuration list for PBXNativeTarget "MuviCat" */;
			buildPhases = (
				23CE9A5D267C489E009C46A1 /* Sources */,
				23CE9A5E267C489E009C46A1 /* Frameworks */,
				23CE9A5F267C489E009C46A1 /* Resources */,
				23EF7997269EC39F008557B5 /* Embed Frameworks */,
			);
			buildRules = (
			);
			dependencies = (
			);
			name = MuviCat;
			productName = MuviCat;
			productReference = 23CE9A61267C489E009C46A1 /* MuviCat.app */;
			productType = "com.apple.product-type.application";
		};
/* End PBXNativeTarget section */

/* Begin PBXProject section */
		23CE9A59267C489E009C46A1 /* Project object */ = {
			isa = PBXProject;
			attributes = {
				LastSwiftUpdateCheck = 1250;
				LastUpgradeCheck = 1250;
				TargetAttributes = {
					238A393326A4884300844EF3 = {
						CreatedOnToolsVersion = 12.5.1;
						TestTargetID = 23CE9A60267C489E009C46A1;
					};
					238A394126A489FA00844EF3 = {
						CreatedOnToolsVersion = 12.5.1;
						TestTargetID = 23CE9A60267C489E009C46A1;
					};
					23CE9A60267C489E009C46A1 = {
						CreatedOnToolsVersion = 12.5;
					};
				};
			};
			buildConfigurationList = 23CE9A5C267C489E009C46A1 /* Build configuration list for PBXProject "MuviCat" */;
			compatibilityVersion = "Xcode 9.3";
			developmentRegion = en;
			hasScannedForEncodings = 0;
			knownRegions = (
				en,
				Base,
			);
			mainGroup = 23CE9A58267C489E009C46A1;
			productRefGroup = 23CE9A62267C489E009C46A1 /* Products */;
			projectDirPath = "";
			projectRoot = "";
			targets = (
				23CE9A60267C489E009C46A1 /* MuviCat */,
				238A393326A4884300844EF3 /* MuviCatTests */,
				238A394126A489FA00844EF3 /* MuviCatUITests */,
			);
		};
/* End PBXProject section */

/* Begin PBXResourcesBuildPhase section */
		238A393226A4884300844EF3 /* Resources */ = {
			isa = PBXResourcesBuildPhase;
			buildActionMask = 2147483647;
			files = (
			);
			runOnlyForDeploymentPostprocessing = 0;
		};
		238A394026A489FA00844EF3 /* Resources */ = {
			isa = PBXResourcesBuildPhase;
			buildActionMask = 2147483647;
			files = (
			);
			runOnlyForDeploymentPostprocessing = 0;
		};
		23CE9A5F267C489E009C46A1 /* Resources */ = {
			isa = PBXResourcesBuildPhase;
			buildActionMask = 2147483647;
			files = (
				23CE9A74267C48A1009C46A1 /* LaunchScreen.storyboard in Resources */,
				2316705C26A1800B003F2F62 /* MainViewController.xib in Resources */,
				23CE9A71267C48A1009C46A1 /* Assets.xcassets in Resources */,
			);
			runOnlyForDeploymentPostprocessing = 0;
		};
/* End PBXResourcesBuildPhase section */

/* Begin PBXSourcesBuildPhase section */
		238A393026A4884300844EF3 /* Sources */ = {
			isa = PBXSourcesBuildPhase;
			buildActionMask = 2147483647;
			files = (
				238A393726A4884300844EF3 /* MuviCatTests.swift in Sources */,
			);
			runOnlyForDeploymentPostprocessing = 0;
		};
		238A393E26A489FA00844EF3 /* Sources */ = {
			isa = PBXSourcesBuildPhase;
			buildActionMask = 2147483647;
			files = (
				238A394526A489FA00844EF3 /* MuviCatUITests.swift in Sources */,
			);
			runOnlyForDeploymentPostprocessing = 0;
		};
		23CE9A5D267C489E009C46A1 /* Sources */ = {
			isa = PBXSourcesBuildPhase;
			buildActionMask = 2147483647;
			files = (
				23CE9A69267C489E009C46A1 /* MainViewController.swift in Sources */,
				23CE9A65267C489E009C46A1 /* AppDelegate.swift in Sources */,
				23CE9A67267C489E009C46A1 /* SceneDelegate.swift in Sources */,
			);
			runOnlyForDeploymentPostprocessing = 0;
		};
/* End PBXSourcesBuildPhase section */

/* Begin PBXTargetDependency section */
		238A393A26A4884300844EF3 /* PBXTargetDependency */ = {
			isa = PBXTargetDependency;
			target = 23CE9A60267C489E009C46A1 /* MuviCat */;
			targetProxy = 238A393926A4884300844EF3 /* PBXContainerItemProxy */;
		};
		238A394826A489FA00844EF3 /* PBXTargetDependency */ = {
			isa = PBXTargetDependency;
			target = 23CE9A60267C489E009C46A1 /* MuviCat */;
			targetProxy = 238A394726A489FA00844EF3 /* PBXContainerItemProxy */;
		};
/* End PBXTargetDependency section */

/* Begin PBXVariantGroup section */
		23CE9A72267C48A1009C46A1 /* LaunchScreen.storyboard */ = {
			isa = PBXVariantGroup;
			children = (
				23CE9A73267C48A1009C46A1 /* Base */,
			);
			name = LaunchScreen.storyboard;
			sourceTree = "<group>";
		};
/* End PBXVariantGroup section */

/* Begin XCBuildConfiguration section */
		238A393C26A4884300844EF3 /* Debug */ = {
			isa = XCBuildConfiguration;
			buildSettings = {
				BUNDLE_LOADER = "$(TEST_HOST)";
				CODE_SIGN_STYLE = Automatic;
				DEVELOPMENT_TEAM = 8H53AFJYM7;
				INFOPLIST_FILE = MuviCatTests/Info.plist;
				LD_RUNPATH_SEARCH_PATHS = (
					"$(inherited)",
					"@executable_path/Frameworks",
					"@loader_path/Frameworks",
				);
				PRODUCT_BUNDLE_IDENTIFIER = com.abdhilabs.MuviCatTests;
				PRODUCT_NAME = "$(TARGET_NAME)";
				SWIFT_VERSION = 5.0;
				TARGETED_DEVICE_FAMILY = "1,2";
				TEST_HOST = "$(BUILT_PRODUCTS_DIR)/MuviCat.app/MuviCat";
			};
			name = Debug;
		};
		238A393D26A4884300844EF3 /* Release */ = {
			isa = XCBuildConfiguration;
			buildSettings = {
				BUNDLE_LOADER = "$(TEST_HOST)";
				CODE_SIGN_STYLE = Automatic;
				DEVELOPMENT_TEAM = 8H53AFJYM7;
				INFOPLIST_FILE = MuviCatTests/Info.plist;
				LD_RUNPATH_SEARCH_PATHS = (
					"$(inherited)",
					"@executable_path/Frameworks",
					"@loader_path/Frameworks",
				);
				PRODUCT_BUNDLE_IDENTIFIER = com.abdhilabs.MuviCatTests;
				PRODUCT_NAME = "$(TARGET_NAME)";
				SWIFT_VERSION = 5.0;
				TARGETED_DEVICE_FAMILY = "1,2";
				TEST_HOST = "$(BUILT_PRODUCTS_DIR)/MuviCat.app/MuviCat";
			};
			name = Release;
		};
		238A394926A489FA00844EF3 /* Debug */ = {
			isa = XCBuildConfiguration;
			buildSettings = {
				CODE_SIGN_STYLE = Automatic;
				DEVELOPMENT_TEAM = 8H53AFJYM7;
				INFOPLIST_FILE = MuviCatUITests/Info.plist;
				LD_RUNPATH_SEARCH_PATHS = (
					"$(inherited)",
					"@executable_path/Frameworks",
					"@loader_path/Frameworks",
				);
				PRODUCT_BUNDLE_IDENTIFIER = com.abdhilabs.MuviCatUITests;
				PRODUCT_NAME = "$(TARGET_NAME)";
				SWIFT_VERSION = 5.0;
				TARGETED_DEVICE_FAMILY = "1,2";
				TEST_TARGET_NAME = MuviCat;
			};
			name = Debug;
		};
		238A394A26A489FA00844EF3 /* Release */ = {
			isa = XCBuildConfiguration;
			buildSettings = {
				CODE_SIGN_STYLE = Automatic;
				DEVELOPMENT_TEAM = 8H53AFJYM7;
				INFOPLIST_FILE = MuviCatUITests/Info.plist;
				LD_RUNPATH_SEARCH_PATHS = (
					"$(inherited)",
					"@executable_path/Frameworks",
					"@loader_path/Frameworks",
				);
				PRODUCT_BUNDLE_IDENTIFIER = com.abdhilabs.MuviCatUITests;
				PRODUCT_NAME = "$(TARGET_NAME)";
				SWIFT_VERSION = 5.0;
				TARGETED_DEVICE_FAMILY = "1,2";
				TEST_TARGET_NAME = MuviCat;
			};
			name = Release;
		};
		23CE9A76267C48A1009C46A1 /* Debug */ = {
			isa = XCBuildConfiguration;
			buildSettings = {
				ALWAYS_SEARCH_USER_PATHS = NO;
				CLANG_ANALYZER_NONNULL = YES;
				CLANG_ANALYZER_NUMBER_OBJECT_CONVERSION = YES_AGGRESSIVE;
				CLANG_CXX_LANGUAGE_STANDARD = "gnu++14";
				CLANG_CXX_LIBRARY = "libc++";
				CLANG_ENABLE_MODULES = YES;
				CLANG_ENABLE_OBJC_ARC = YES;
				CLANG_ENABLE_OBJC_WEAK = YES;
				CLANG_WARN_BLOCK_CAPTURE_AUTORELEASING = YES;
				CLANG_WARN_BOOL_CONVERSION = YES;
				CLANG_WARN_COMMA = YES;
				CLANG_WARN_CONSTANT_CONVERSION = YES;
				CLANG_WARN_DEPRECATED_OBJC_IMPLEMENTATIONS = YES;
				CLANG_WARN_DIRECT_OBJC_ISA_USAGE = YES_ERROR;
				CLANG_WARN_DOCUMENTATION_COMMENTS = YES;
				CLANG_WARN_EMPTY_BODY = YES;
				CLANG_WARN_ENUM_CONVERSION = YES;
				CLANG_WARN_INFINITE_RECURSION = YES;
				CLANG_WARN_INT_CONVERSION = YES;
				CLANG_WARN_NON_LITERAL_NULL_CONVERSION = YES;
				CLANG_WARN_OBJC_IMPLICIT_RETAIN_SELF = YES;
				CLANG_WARN_OBJC_LITERAL_CONVERSION = YES;
				CLANG_WARN_OBJC_ROOT_CLASS = YES_ERROR;
				CLANG_WARN_QUOTED_INCLUDE_IN_FRAMEWORK_HEADER = YES;
				CLANG_WARN_RANGE_LOOP_ANALYSIS = YES;
				CLANG_WARN_STRICT_PROTOTYPES = YES;
				CLANG_WARN_SUSPICIOUS_MOVE = YES;
				CLANG_WARN_UNGUARDED_AVAILABILITY = YES_AGGRESSIVE;
				CLANG_WARN_UNREACHABLE_CODE = YES;
				CLANG_WARN__DUPLICATE_METHOD_MATCH = YES;
				COPY_PHASE_STRIP = NO;
				DEBUG_INFORMATION_FORMAT = dwarf;
				ENABLE_STRICT_OBJC_MSGSEND = YES;
				ENABLE_TESTABILITY = YES;
				GCC_C_LANGUAGE_STANDARD = gnu11;
				GCC_DYNAMIC_NO_PIC = NO;
				GCC_NO_COMMON_BLOCKS = YES;
				GCC_OPTIMIZATION_LEVEL = 0;
				GCC_PREPROCESSOR_DEFINITIONS = (
					"DEBUG=1",
					"$(inherited)",
				);
				GCC_WARN_64_TO_32_BIT_CONVERSION = YES;
				GCC_WARN_ABOUT_RETURN_TYPE = YES_ERROR;
				GCC_WARN_UNDECLARED_SELECTOR = YES;
				GCC_WARN_UNINITIALIZED_AUTOS = YES_AGGRESSIVE;
				GCC_WARN_UNUSED_FUNCTION = YES;
				GCC_WARN_UNUSED_VARIABLE = YES;
				IPHONEOS_DEPLOYMENT_TARGET = 14.5;
				MTL_ENABLE_DEBUG_INFO = INCLUDE_SOURCE;
				MTL_FAST_MATH = YES;
				ONLY_ACTIVE_ARCH = YES;
				SDKROOT = iphoneos;
				SWIFT_ACTIVE_COMPILATION_CONDITIONS = DEBUG;
				SWIFT_OPTIMIZATION_LEVEL = "-Onone";
			};
			name = Debug;
		};
		23CE9A77267C48A1009C46A1 /* Release */ = {
			isa = XCBuildConfiguration;
			buildSettings = {
				ALWAYS_SEARCH_USER_PATHS = NO;
				CLANG_ANALYZER_NONNULL = YES;
				CLANG_ANALYZER_NUMBER_OBJECT_CONVERSION = YES_AGGRESSIVE;
				CLANG_CXX_LANGUAGE_STANDARD = "gnu++14";
				CLANG_CXX_LIBRARY = "libc++";
				CLANG_ENABLE_MODULES = YES;
				CLANG_ENABLE_OBJC_ARC = YES;
				CLANG_ENABLE_OBJC_WEAK = YES;
				CLANG_WARN_BLOCK_CAPTURE_AUTORELEASING = YES;
				CLANG_WARN_BOOL_CONVERSION = YES;
				CLANG_WARN_COMMA = YES;
				CLANG_WARN_CONSTANT_CONVERSION = YES;
				CLANG_WARN_DEPRECATED_OBJC_IMPLEMENTATIONS = YES;
				CLANG_WARN_DIRECT_OBJC_ISA_USAGE = YES_ERROR;
				CLANG_WARN_DOCUMENTATION_COMMENTS = YES;
				CLANG_WARN_EMPTY_BODY = YES;
				CLANG_WARN_ENUM_CONVERSION = YES;
				CLANG_WARN_INFINITE_RECURSION = YES;
				CLANG_WARN_INT_CONVERSION = YES;
				CLANG_WARN_NON_LITERAL_NULL_CONVERSION = YES;
				CLANG_WARN_OBJC_IMPLICIT_RETAIN_SELF = YES;
				CLANG_WARN_OBJC_LITERAL_CONVERSION = YES;
				CLANG_WARN_OBJC_ROOT_CLASS = YES_ERROR;
				CLANG_WARN_QUOTED_INCLUDE_IN_FRAMEWORK_HEADER = YES;
				CLANG_WARN_RANGE_LOOP_ANALYSIS = YES;
				CLANG_WARN_STRICT_PROTOTYPES = YES;
				CLANG_WARN_SUSPICIOUS_MOVE = YES;
				CLANG_WARN_UNGUARDED_AVAILABILITY = YES_AGGRESSIVE;
				CLANG_WARN_UNREACHABLE_CODE = YES;
				CLANG_WARN__DUPLICATE_METHOD_MATCH = YES;
				COPY_PHASE_STRIP = NO;
				DEBUG_INFORMATION_FORMAT = "dwarf-with-dsym";
				ENABLE_NS_ASSERTIONS = NO;
				ENABLE_STRICT_OBJC_MSGSEND = YES;
				GCC_C_LANGUAGE_STANDARD = gnu11;
				GCC_NO_COMMON_BLOCKS = YES;
				GCC_WARN_64_TO_32_BIT_CONVERSION = YES;
				GCC_WARN_ABOUT_RETURN_TYPE = YES_ERROR;
				GCC_WARN_UNDECLARED_SELECTOR = YES;
				GCC_WARN_UNINITIALIZED_AUTOS = YES_AGGRESSIVE;
				GCC_WARN_UNUSED_FUNCTION = YES;
				GCC_WARN_UNUSED_VARIABLE = YES;
				IPHONEOS_DEPLOYMENT_TARGET = 14.5;
				MTL_ENABLE_DEBUG_INFO = NO;
				MTL_FAST_MATH = YES;
				SDKROOT = iphoneos;
				SWIFT_COMPILATION_MODE = wholemodule;
				SWIFT_OPTIMIZATION_LEVEL = "-O";
				VALIDATE_PRODUCT = YES;
			};
			name = Release;
		};
		23CE9A79267C48A1009C46A1 /* Debug */ = {
			isa = XCBuildConfiguration;
			buildSettings = {
				ASSETCATALOG_COMPILER_APPICON_NAME = AppIcon;
				ASSETCATALOG_COMPILER_GLOBAL_ACCENT_COLOR_NAME = AccentColor;
				CODE_SIGN_STYLE = Automatic;
				DEVELOPMENT_TEAM = 8H53AFJYM7;
				INFOPLIST_FILE = "MuviCat/Supporting Files/Info.plist";
				LD_RUNPATH_SEARCH_PATHS = (
					"$(inherited)",
					"@executable_path/Frameworks",
				);
				PRODUCT_BUNDLE_IDENTIFIER = com.abdhilabs.MuviCat;
				PRODUCT_NAME = "$(TARGET_NAME)";
				SWIFT_VERSION = 5.0;
				TARGETED_DEVICE_FAMILY = "1,2";
			};
			name = Debug;
		};
		23CE9A7A267C48A1009C46A1 /* Release */ = {
			isa = XCBuildConfiguration;
			buildSettings = {
				ASSETCATALOG_COMPILER_APPICON_NAME = AppIcon;
				ASSETCATALOG_COMPILER_GLOBAL_ACCENT_COLOR_NAME = AccentColor;
				CODE_SIGN_STYLE = Automatic;
				DEVELOPMENT_TEAM = 8H53AFJYM7;
				INFOPLIST_FILE = "MuviCat/Supporting Files/Info.plist";
				LD_RUNPATH_SEARCH_PATHS = (
					"$(inherited)",
					"@executable_path/Frameworks",
				);
				PRODUCT_BUNDLE_IDENTIFIER = com.abdhilabs.MuviCat;
				PRODUCT_NAME = "$(TARGET_NAME)";
				SWIFT_VERSION = 5.0;
				TARGETED_DEVICE_FAMILY = "1,2";
			};
			name = Release;
		};
/* End XCBuildConfiguration section */

/* Begin XCConfigurationList section */
		238A393B26A4884300844EF3 /* Build configuration list for PBXNativeTarget "MuviCatTests" */ = {
			isa = XCConfigurationList;
			buildConfigurations = (
				238A393C26A4884300844EF3 /* Debug */,
				238A393D26A4884300844EF3 /* Release */,
			);
			defaultConfigurationIsVisible = 0;
			defaultConfigurationName = Release;
		};
		238A394B26A489FA00844EF3 /* Build configuration list for PBXNativeTarget "MuviCatUITests" */ = {
			isa = XCConfigurationList;
			buildConfigurations = (
				238A394926A489FA00844EF3 /* Debug */,
				238A394A26A489FA00844EF3 /* Release */,
			);
			defaultConfigurationIsVisible = 0;
			defaultConfigurationName = Release;
		};
		23CE9A5C267C489E009C46A1 /* Build configuration list for PBXProject "MuviCat" */ = {
			isa = XCConfigurationList;
			buildConfigurations = (
				23CE9A76267C48A1009C46A1 /* Debug */,
				23CE9A77267C48A1009C46A1 /* Release */,
			);
			defaultConfigurationIsVisible = 0;
			defaultConfigurationName = Release;
		};
		23CE9A78267C48A1009C46A1 /* Build configuration list for PBXNativeTarget "MuviCat" */ = {
			isa = XCConfigurationList;
			buildConfigurations = (
				23CE9A79267C48A1009C46A1 /* Debug */,
				23CE9A7A267C48A1009C46A1 /* Release */,
			);
			defaultConfigurationIsVisible = 0;
			defaultConfigurationName = Release;
		};
/* End XCConfigurationList section */
	};
	rootObject = 23CE9A59267C489E009C46A1 /* Project object */;
}
